
Microsoft Visual Studio Solution File, Format Version 12.00
# Visual Studio Version 17
VisualStudioVersion = 17.6.33712.159
MinimumVisualStudioVersion = 10.0.40219.1
Project("{FAE04EC0-301F-11D3-BF4B-00C04F79EFBC}") = "ControlesDinamicos2.0", "ControlesDinamicos2.0.csproj", "{DF9DBC21-AFB6-43D1-B051-ABB585FA0245}"
EndProject
Global
	GlobalSection(SolutionConfigurationPlatforms) = preSolution
		Debug|Any CPU = Debug|Any CPU
		Release|Any CPU = Release|Any CPU
	EndGlobalSection
	GlobalSection(ProjectConfigurationPlatforms) = postSolution
		{DF9DBC21-AFB6-43D1-B051-ABB585FA0245}.Debug|Any CPU.ActiveCfg = Debug|Any CPU
		{DF9DBC21-AFB6-43D1-B051-ABB585FA0245}.Debug|Any CPU.Build.0 = Debug|Any CPU
		{DF9DBC21-AFB6-43D1-B051-ABB585FA0245}.Release|Any CPU.ActiveCfg = Release|Any CPU
		{DF9DBC21-AFB6-43D1-B051-ABB585FA0245}.Release|Any CPU.Build.0 = Release|Any CPU
	EndGlobalSection
	GlobalSection(SolutionProperties) = preSolution
		HideSolutionNode = FALSE
	EndGlobalSection
	GlobalSection(ExtensibilityGlobals) = postSolution
		SolutionGuid = {8DC9C7F5-A5D9-490C-AFC4-397424872067}
	EndGlobalSection
EndGlobal
